{
  "name": "xkzs",
  "version": "1.0.0",
  "lockfileVersion": 3,
  "requires": true,
  "packages": {
    "": {
      "name": "xkzs",
      "version": "1.0.0",
      "license": "ISC",
      "dependencies": {
        "xkzs": "^1.0.0"
      }
    },
    "node_modules/xkzs": {
      "version": "1.0.0",
      "resolved": "http://localhost:5000/xkzs/-/xkzs-1.0.0.tgz",
      "integrity": "sha512-dm5UK2TFez5rGCG0apI5Ve+FJ73D4gSexjiIt1YTG3uHX7/g3Q/f0/LI+fuMOcOz1GjVv9f1y4NwFBYdI2VgSQ=="
    }
  }
}
